
Microsoft Visual Studio Solution File, Format Version 12.00
# Visual Studio Version 16
VisualStudioVersion = 16.0.31624.102
MinimumVisualStudioVersion = 10.0.40219.1
Project("{FAE04EC0-301F-11D3-BF4B-00C04F79EFBC}") = "WindowsFormsApp9", "WindowsFormsApp9\WindowsFormsApp9.csproj", "{F507CBCB-A462-4E08-B90D-CAA6CD24D7A5}"
EndProject
Global
	GlobalSection(SolutionConfigurationPlatforms) = preSolution
		Debug|Any CPU = Debug|Any CPU
		Release|Any CPU = Release|Any CPU
	EndGlobalSection
	GlobalSection(ProjectConfigurationPlatforms) = postSolution
		{F507CBCB-A462-4E08-B90D-CAA6CD24D7A5}.Debug|Any CPU.ActiveCfg = Debug|Any CPU
		{F507CBCB-A462-4E08-B90D-CAA6CD24D7A5}.Debug|Any CPU.Build.0 = Debug|Any CPU
		{F507CBCB-A462-4E08-B90D-CAA6CD24D7A5}.Release|Any CPU.ActiveCfg = Release|Any CPU
		{F507CBCB-A462-4E08-B90D-CAA6CD24D7A5}.Release|Any CPU.Build.0 = Release|Any CPU
	EndGlobalSection
	GlobalSection(SolutionProperties) = preSolution
		HideSolutionNode = FALSE
	EndGlobalSection
	GlobalSection(ExtensibilityGlobals) = postSolution
		SolutionGuid = {410F35ED-A282-436E-B7F2-B9D8CEA8C46F}
	EndGlobalSection
EndGlobal
